
Microsoft Visual Studio Solution File, Format Version 12.00
# Visual Studio Version 17
VisualStudioVersion = 17.5.33424.131
MinimumVisualStudioVersion = 10.0.40219.1
Project("{FAE04EC0-301F-11D3-BF4B-00C04F79EFBC}") = "ap208Task", "ap208Task\ap208Task.csproj", "{0240453A-10B3-4829-8B3A-3032A6564326}"
EndProject
Global
	GlobalSection(SolutionConfigurationPlatforms) = preSolution
		Debug|Any CPU = Debug|Any CPU
		Release|Any CPU = Release|Any CPU
	EndGlobalSection
	GlobalSection(ProjectConfigurationPlatforms) = postSolution
		{0240453A-10B3-4829-8B3A-3032A6564326}.Debug|Any CPU.ActiveCfg = Debug|Any CPU
		{0240453A-10B3-4829-8B3A-3032A6564326}.Debug|Any CPU.Build.0 = Debug|Any CPU
		{0240453A-10B3-4829-8B3A-3032A6564326}.Release|Any CPU.ActiveCfg = Release|Any CPU
		{0240453A-10B3-4829-8B3A-3032A6564326}.Release|Any CPU.Build.0 = Release|Any CPU
	EndGlobalSection
	GlobalSection(SolutionProperties) = preSolution
		HideSolutionNode = FALSE
	EndGlobalSection
	GlobalSection(ExtensibilityGlobals) = postSolution
		SolutionGuid = {6F8E00E7-8CCB-48CC-9B0B-08D002261A73}
	EndGlobalSection
EndGlobal
